
Microsoft Visual Studio Solution File, Format Version 12.00
# Visual Studio Version 17
VisualStudioVersion = 17.8.34525.116
MinimumVisualStudioVersion = 10.0.40219.1
Project("{8BC9CEB8-8B4A-11D0-8D11-00A0C91BC942}") = "lab_calc_v2", "lab_calc_v2\lab_calc_v2.vcxproj", "{D6DD0A46-6EE3-4060-ACE4-D5A3FDA8988E}"
EndProject
Global
	GlobalSection(SolutionConfigurationPlatforms) = preSolution
		Debug|x64 = Debug|x64
		Debug|x86 = Debug|x86
		Release|x64 = Release|x64
		Release|x86 = Release|x86
	EndGlobalSection
	GlobalSection(ProjectConfigurationPlatforms) = postSolution
		{D6DD0A46-6EE3-4060-ACE4-D5A3FDA8988E}.Debug|x64.ActiveCfg = Debug|x64
		{D6DD0A46-6EE3-4060-ACE4-D5A3FDA8988E}.Debug|x64.Build.0 = Debug|x64
		{D6DD0A46-6EE3-4060-ACE4-D5A3FDA8988E}.Debug|x86.ActiveCfg = Debug|Win32
		{D6DD0A46-6EE3-4060-ACE4-D5A3FDA8988E}.Debug|x86.Build.0 = Debug|Win32
		{D6DD0A46-6EE3-4060-ACE4-D5A3FDA8988E}.Release|x64.ActiveCfg = Release|x64
		{D6DD0A46-6EE3-4060-ACE4-D5A3FDA8988E}.Release|x64.Build.0 = Release|x64
		{D6DD0A46-6EE3-4060-ACE4-D5A3FDA8988E}.Release|x86.ActiveCfg = Release|Win32
		{D6DD0A46-6EE3-4060-ACE4-D5A3FDA8988E}.Release|x86.Build.0 = Release|Win32
	EndGlobalSection
	GlobalSection(SolutionProperties) = preSolution
		HideSolutionNode = FALSE
	EndGlobalSection
	GlobalSection(ExtensibilityGlobals) = postSolution
		SolutionGuid = {CF153062-3592-4520-BE35-D736E6FF811F}
	EndGlobalSection
EndGlobal
